
Microsoft Visual Studio Solution File, Format Version 12.00
# Visual Studio Version 16
VisualStudioVersion = 16.0.30413.136
MinimumVisualStudioVersion = 10.0.40219.1
Project("{FAE04EC0-301F-11D3-BF4B-00C04F79EFBC}") = "ПР_18", "ПР_18\ПР_18.csproj", "{3C7BAE93-AD70-43F4-9722-3C985C6F2884}"
EndProject
Global
	GlobalSection(SolutionConfigurationPlatforms) = preSolution
		Debug|Any CPU = Debug|Any CPU
		Release|Any CPU = Release|Any CPU
	EndGlobalSection
	GlobalSection(ProjectConfigurationPlatforms) = postSolution
		{3C7BAE93-AD70-43F4-9722-3C985C6F2884}.Debug|Any CPU.ActiveCfg = Debug|Any CPU
		{3C7BAE93-AD70-43F4-9722-3C985C6F2884}.Debug|Any CPU.Build.0 = Debug|Any CPU
		{3C7BAE93-AD70-43F4-9722-3C985C6F2884}.Release|Any CPU.ActiveCfg = Release|Any CPU
		{3C7BAE93-AD70-43F4-9722-3C985C6F2884}.Release|Any CPU.Build.0 = Release|Any CPU
	EndGlobalSection
	GlobalSection(SolutionProperties) = preSolution
		HideSolutionNode = FALSE
	EndGlobalSection
	GlobalSection(ExtensibilityGlobals) = postSolution
		SolutionGuid = {0DE9952D-4CDE-4CFF-B1A6-EB575512744D}
	EndGlobalSection
EndGlobal
